{
    "hash": "e27c5e5f258e7e3b8a40f91b0cfbef98",
    "packages": [
        {
            "package": "99designs/ergo",
            "version": "dev-master",
            "source-reference": "v2.1.0"
        }
    ],
    "packages-dev": [

    ],
    "aliases": [

    ],
    "minimum-stability": "dev",
    "stability-flags": [

    ]
}
